
Microsoft Visual Studio Solution File, Format Version 12.00
# Visual Studio Version 17
VisualStudioVersion = 17.0.31903.59
MinimumVisualStudioVersion = 10.0.40219.1
Project("{2150E333-8FDC-42A3-9474-1A3956D46DE8}") = "src", "src", "{02EA681E-C7D8-13C7-8484-4AC65E1B71E8}"
EndProject
Project("{2150E333-8FDC-42A3-9474-1A3956D46DE8}") = "sample", "sample", "{02EA681E-C7D8-13C7-8484-4AC65E1B71E8}"
EndProject
Project("{FAE04EC0-301F-11D3-BF4B-00C04F79EFBC}") = "Brimborium.Extensions.ResponsePadding", "src\Brimborium.Extensions.ResponsePadding\Brimborium.Extensions.ResponsePadding.csproj", "{6742D2C6-E304-4E10-8EB4-2CA3DDC9B01B}"
EndProject
Project("{2150E333-8FDC-42A3-9474-1A3956D46DE8}") = "Solution Items", "Solution Items", "{8EC462FD-D22E-90A8-E5CE-7E832BA40C5D}"
	ProjectSection(SolutionItems) = preProject
		README.md = README.md
	EndProjectSection
EndProject
Project("{FAE04EC0-301F-11D3-BF4B-00C04F79EFBC}") = "SampleWebApplication", "sample\SampleWebApplication\SampleWebApplication.csproj", "{C876BA59-2C51-40F4-BF91-9D3A716FCA00}"
EndProject
Global
	GlobalSection(SolutionConfigurationPlatforms) = preSolution
		Debug|Any CPU = Debug|Any CPU
		Release|Any CPU = Release|Any CPU
	EndGlobalSection
	GlobalSection(ProjectConfigurationPlatforms) = postSolution
		{6742D2C6-E304-4E10-8EB4-2CA3DDC9B01B}.Debug|Any CPU.ActiveCfg = Debug|Any CPU
		{6742D2C6-E304-4E10-8EB4-2CA3DDC9B01B}.Debug|Any CPU.Build.0 = Debug|Any CPU
		{6742D2C6-E304-4E10-8EB4-2CA3DDC9B01B}.Release|Any CPU.ActiveCfg = Release|Any CPU
		{6742D2C6-E304-4E10-8EB4-2CA3DDC9B01B}.Release|Any CPU.Build.0 = Release|Any CPU
		{C876BA59-2C51-40F4-BF91-9D3A716FCA00}.Debug|Any CPU.ActiveCfg = Debug|Any CPU
		{C876BA59-2C51-40F4-BF91-9D3A716FCA00}.Debug|Any CPU.Build.0 = Debug|Any CPU
		{C876BA59-2C51-40F4-BF91-9D3A716FCA00}.Release|Any CPU.ActiveCfg = Release|Any CPU
		{C876BA59-2C51-40F4-BF91-9D3A716FCA00}.Release|Any CPU.Build.0 = Release|Any CPU
	EndGlobalSection
	GlobalSection(SolutionProperties) = preSolution
		HideSolutionNode = FALSE
	EndGlobalSection
	GlobalSection(NestedProjects) = preSolution
		{6742D2C6-E304-4E10-8EB4-2CA3DDC9B01B} = {02EA681E-C7D8-13C7-8484-4AC65E1B71E8}
		{C876BA59-2C51-40F4-BF91-9D3A716FCA00} = {02EA681E-C7D8-13C7-8484-4AC65E1B71E8}
	EndGlobalSection
	GlobalSection(ExtensibilityGlobals) = postSolution
		SolutionGuid = {2F5DCAA5-E8F2-4F18-B768-CBF5438101E5}
	EndGlobalSection
EndGlobal
